{
  "name": "worker",
  "version": "1.0.0",
  "lockfileVersion": 3,
  "requires": true,
  "packages": {
    "": {
      "name": "worker",
      "version": "1.0.0",
      "license": "ISC",
      "dependencies": {
        "@cloudflare/workers-types": "^4.20250214.0"
      },
      "devDependencies": {}
    },
    "node_modules/@cloudflare/workers-types": {
      "version": "4.20250214.0",
      "resolved": "https://registry.npmjs.org/@cloudflare/workers-types/-/workers-types-4.20250214.0.tgz",
      "integrity": "sha512-+M8oOFVbyXT5GeJrYLWMUGyPf5wGB4+k59PPqdedtOig7NjZ5r4S79wMdaZ/EV5IV8JPtZBSNjTKpDnNmfxjaQ==",
      "license": "MIT OR Apache-2.0"
    }
  }
}
